
Microsoft Visual Studio Solution File, Format Version 12.00
# Visual Studio Version 16
VisualStudioVersion = 16.0.30204.135
MinimumVisualStudioVersion = 10.0.40219.1
Project("{FAE04EC0-301F-11D3-BF4B-00C04F79EFBC}") = "Game", "Game\Game.csproj", "{2CA7306A-6B7C-4AE6-9040-827EF682D81E}"
EndProject
Global
	GlobalSection(SolutionConfigurationPlatforms) = preSolution
		Debug|Any CPU = Debug|Any CPU
		Release|Any CPU = Release|Any CPU
	EndGlobalSection
	GlobalSection(ProjectConfigurationPlatforms) = postSolution
		{2CA7306A-6B7C-4AE6-9040-827EF682D81E}.Debug|Any CPU.ActiveCfg = Debug|Any CPU
		{2CA7306A-6B7C-4AE6-9040-827EF682D81E}.Debug|Any CPU.Build.0 = Debug|Any CPU
		{2CA7306A-6B7C-4AE6-9040-827EF682D81E}.Release|Any CPU.ActiveCfg = Release|Any CPU
		{2CA7306A-6B7C-4AE6-9040-827EF682D81E}.Release|Any CPU.Build.0 = Release|Any CPU
	EndGlobalSection
	GlobalSection(SolutionProperties) = preSolution
		HideSolutionNode = FALSE
	EndGlobalSection
	GlobalSection(ExtensibilityGlobals) = postSolution
		SolutionGuid = {E2D5BCED-B84A-4CC1-B966-3847AE04D926}
	EndGlobalSection
EndGlobal
